// !$*UTF8*$!
{
	archiveVersion = 1;
	classes = {
	};
	objectVersion = 56;
	objects = {

/* Begin PBXBuildFile section */
		A1000001242F10000000001 /* MoltbotWidgetsApp.swift in Sources */ = {isa = PBXBuildFile; fileRef = A1000002242F10000000001 /* MoltbotWidgetsApp.swift */; };
		A1000003242F10000000001 /* ContentView.swift in Sources */ = {isa = PBXBuildFile; fileRef = A1000004242F10000000001 /* ContentView.swift */; };
		A1000005242F10000000001 /* SettingsView.swift in Sources */ = {isa = PBXBuildFile; fileRef = A1000006242F10000000001 /* SettingsView.swift */; };
		A1000007242F10000000001 /* MoltbotAPI.swift in Sources */ = {isa = PBXBuildFile; fileRef = A1000008242F10000000001 /* MoltbotAPI.swift */; };
		A1000009242F10000000001 /* Assets.xcassets in Resources */ = {isa = PBXBuildFile; fileRef = A100000A242F10000000001 /* Assets.xcassets */; };
		A100000B242F10000000001 /* WidgetKit.framework in Frameworks */ = {isa = PBXBuildFile; fileRef = A100000C242F10000000001 /* WidgetKit.framework */; };
		A100000D242F10000000001 /* SwiftUI.framework in Frameworks */ = {isa = PBXBuildFile; fileRef = A100000E242F10000000001 /* SwiftUI.framework */; };
		A100000F242F10000000001 /* CronJobsWidget.swift in Sources */ = {isa = PBXBuildFile; fileRef = A1000010242F10000000001 /* CronJobsWidget.swift */; };
		A1000011242F10000000001 /* MoltbotWidgetsExtensionBundle.swift in Sources */ = {isa = PBXBuildFile; fileRef = A1000012242F10000000001 /* MoltbotWidgetsExtensionBundle.swift */; };
		A1000013242F10000000001 /* MoltbotAPI.swift in Sources */ = {isa = PBXBuildFile; fileRef = A1000008242F10000000001 /* MoltbotAPI.swift */; };
		A1000014242F10000000001 /* Assets.xcassets in Resources */ = {isa = PBXBuildFile; fileRef = A1000015242F10000000001 /* Assets.xcassets */; };
		A1000016242F10000000001 /* MoltbotWidgetsExtension.appex in Embed Foundation Extensions */ = {isa = PBXBuildFile; fileRef = A1000017242F10000000001 /* MoltbotWidgetsExtension.appex */; settings = {ATTRIBUTES = (RemoveHeadersOnCopy, ); }; };
		A1000038242F10000000001 /* SharedSettings.swift in Sources */ = {isa = PBXBuildFile; fileRef = A1000039242F10000000001 /* SharedSettings.swift */; };
		A100003A242F10000000001 /* SharedSettings.swift in Sources */ = {isa = PBXBuildFile; fileRef = A1000039242F10000000001 /* SharedSettings.swift */; };
		A100003B242F10000000001 /* HealthWidget.swift in Sources */ = {isa = PBXBuildFile; fileRef = A100003C242F10000000001 /* HealthWidget.swift */; };
		A100003D242F10000000001 /* UsageWidget.swift in Sources */ = {isa = PBXBuildFile; fileRef = A100003E242F10000000001 /* UsageWidget.swift */; };
		A1000040242F10000000001 /* CustomWidget.swift in Sources */ = {isa = PBXBuildFile; fileRef = A1000041242F10000000001 /* CustomWidget.swift */; };
		A1000042242F10000000001 /* CustomWidgetIntent.swift in Sources */ = {isa = PBXBuildFile; fileRef = A1000043242F10000000001 /* CustomWidgetIntent.swift */; };
		A1000044242F10000000001 /* TemplateRenderer.swift in Sources */ = {isa = PBXBuildFile; fileRef = A1000045242F10000000001 /* TemplateRenderer.swift */; };
		A1000046242F10000000001 /* StatusTemplateView.swift in Sources */ = {isa = PBXBuildFile; fileRef = A1000047242F10000000001 /* StatusTemplateView.swift */; };
		A1000048242F10000000001 /* NumberTemplateView.swift in Sources */ = {isa = PBXBuildFile; fileRef = A1000049242F10000000001 /* NumberTemplateView.swift */; };
		A100004A242F10000000001 /* GaugeTemplateView.swift in Sources */ = {isa = PBXBuildFile; fileRef = A100004B242F10000000001 /* GaugeTemplateView.swift */; };
		A100004C242F10000000001 /* ListTemplateView.swift in Sources */ = {isa = PBXBuildFile; fileRef = A100004D242F10000000001 /* ListTemplateView.swift */; };
		A100004E242F10000000001 /* TextTemplateView.swift in Sources */ = {isa = PBXBuildFile; fileRef = A100004F242F10000000001 /* TextTemplateView.swift */; };
		A1000050242F10000000001 /* WidgetConfig.swift in Sources */ = {isa = PBXBuildFile; fileRef = A1000051242F10000000001 /* WidgetConfig.swift */; };
		A1000052242F10000000001 /* WidgetConfigStore.swift in Sources */ = {isa = PBXBuildFile; fileRef = A1000053242F10000000001 /* WidgetConfigStore.swift */; };
		A1000054242F10000000001 /* WidgetResponse.swift in Sources */ = {isa = PBXBuildFile; fileRef = A1000055242F10000000001 /* WidgetResponse.swift */; };
		A1000056242F10000000001 /* WidgetFetcher.swift in Sources */ = {isa = PBXBuildFile; fileRef = A1000057242F10000000001 /* WidgetFetcher.swift */; };
/* End PBXBuildFile section */

/* Begin PBXContainerItemProxy section */
		A1000018242F10000000001 /* PBXContainerItemProxy */ = {
			isa = PBXContainerItemProxy;
			containerPortal = A1000019242F10000000001 /* Project object */;
			proxyType = 1;
			remoteGlobalIDString = A100001A242F10000000001;
			remoteInfo = MoltbotWidgetsExtension;
		};
/* End PBXContainerItemProxy section */

/* Begin PBXCopyFilesBuildPhase section */
		A100001B242F10000000001 /* Embed Foundation Extensions */ = {
			isa = PBXCopyFilesBuildPhase;
			buildActionMask = 2147483647;
			dstPath = "";
			dstSubfolderSpec = 13;
			files = (
				A1000016242F10000000001 /* MoltbotWidgetsExtension.appex in Embed Foundation Extensions */,
			);
			name = "Embed Foundation Extensions";
			runOnlyForDeploymentPostprocessing = 0;
		};
/* End PBXCopyFilesBuildPhase section */

/* Begin PBXFileReference section */
		A1000002242F10000000001 /* MoltbotWidgetsApp.swift */ = {isa = PBXFileReference; lastKnownFileType = sourcecode.swift; path = MoltbotWidgetsApp.swift; sourceTree = "<group>"; };
		A1000004242F10000000001 /* ContentView.swift */ = {isa = PBXFileReference; lastKnownFileType = sourcecode.swift; path = ContentView.swift; sourceTree = "<group>"; };
		A1000006242F10000000001 /* SettingsView.swift */ = {isa = PBXFileReference; lastKnownFileType = sourcecode.swift; path = SettingsView.swift; sourceTree = "<group>"; };
		A1000008242F10000000001 /* MoltbotAPI.swift */ = {isa = PBXFileReference; lastKnownFileType = sourcecode.swift; path = MoltbotAPI.swift; sourceTree = "<group>"; };
		A100000A242F10000000001 /* Assets.xcassets */ = {isa = PBXFileReference; lastKnownFileType = folder.assetcatalog; path = Assets.xcassets; sourceTree = "<group>"; };
		A100000C242F10000000001 /* WidgetKit.framework */ = {isa = PBXFileReference; lastKnownFileType = wrapper.framework; name = WidgetKit.framework; path = System/Library/Frameworks/WidgetKit.framework; sourceTree = SDKROOT; };
		A100000E242F10000000001 /* SwiftUI.framework */ = {isa = PBXFileReference; lastKnownFileType = wrapper.framework; name = SwiftUI.framework; path = System/Library/Frameworks/SwiftUI.framework; sourceTree = SDKROOT; };
		A1000010242F10000000001 /* CronJobsWidget.swift */ = {isa = PBXFileReference; lastKnownFileType = sourcecode.swift; path = CronJobsWidget.swift; sourceTree = "<group>"; };
		A1000012242F10000000001 /* MoltbotWidgetsExtensionBundle.swift */ = {isa = PBXFileReference; lastKnownFileType = sourcecode.swift; path = MoltbotWidgetsExtensionBundle.swift; sourceTree = "<group>"; };
		A1000015242F10000000001 /* Assets.xcassets */ = {isa = PBXFileReference; lastKnownFileType = folder.assetcatalog; path = Assets.xcassets; sourceTree = "<group>"; };
		A1000017242F10000000001 /* MoltbotWidgetsExtension.appex */ = {isa = PBXFileReference; explicitFileType = "wrapper.app-extension"; includeInIndex = 0; path = MoltbotWidgetsExtension.appex; sourceTree = BUILT_PRODUCTS_DIR; };
		A100001C242F10000000001 /* MoltbotWidgets.app */ = {isa = PBXFileReference; explicitFileType = wrapper.application; includeInIndex = 0; path = MoltbotWidgets.app; sourceTree = BUILT_PRODUCTS_DIR; };
		A100001D242F10000000001 /* MoltbotWidgets.entitlements */ = {isa = PBXFileReference; lastKnownFileType = text.plist.entitlements; path = MoltbotWidgets.entitlements; sourceTree = "<group>"; };
		A100001E242F10000000001 /* MoltbotWidgetsExtension.entitlements */ = {isa = PBXFileReference; lastKnownFileType = text.plist.entitlements; path = MoltbotWidgetsExtension.entitlements; sourceTree = "<group>"; };
		A100001F242F10000000001 /* Info.plist */ = {isa = PBXFileReference; lastKnownFileType = text.plist.xml; path = Info.plist; sourceTree = "<group>"; };
		A1000020242F10000000001 /* Info.plist */ = {isa = PBXFileReference; lastKnownFileType = text.plist.xml; path = Info.plist; sourceTree = "<group>"; };
		A1000039242F10000000001 /* SharedSettings.swift */ = {isa = PBXFileReference; lastKnownFileType = sourcecode.swift; path = SharedSettings.swift; sourceTree = "<group>"; };
		A100003C242F10000000001 /* HealthWidget.swift */ = {isa = PBXFileReference; lastKnownFileType = sourcecode.swift; path = HealthWidget.swift; sourceTree = "<group>"; };
		A100003E242F10000000001 /* UsageWidget.swift */ = {isa = PBXFileReference; lastKnownFileType = sourcecode.swift; path = UsageWidget.swift; sourceTree = "<group>"; };
		A1000041242F10000000001 /* CustomWidget.swift */ = {isa = PBXFileReference; lastKnownFileType = sourcecode.swift; path = CustomWidget.swift; sourceTree = "<group>"; };
		A1000043242F10000000001 /* CustomWidgetIntent.swift */ = {isa = PBXFileReference; lastKnownFileType = sourcecode.swift; path = CustomWidgetIntent.swift; sourceTree = "<group>"; };
		A1000045242F10000000001 /* TemplateRenderer.swift */ = {isa = PBXFileReference; lastKnownFileType = sourcecode.swift; path = TemplateRenderer.swift; sourceTree = "<group>"; };
		A1000047242F10000000001 /* StatusTemplateView.swift */ = {isa = PBXFileReference; lastKnownFileType = sourcecode.swift; path = StatusTemplateView.swift; sourceTree = "<group>"; };
		A1000049242F10000000001 /* NumberTemplateView.swift */ = {isa = PBXFileReference; lastKnownFileType = sourcecode.swift; path = NumberTemplateView.swift; sourceTree = "<group>"; };
		A100004B242F10000000001 /* GaugeTemplateView.swift */ = {isa = PBXFileReference; lastKnownFileType = sourcecode.swift; path = GaugeTemplateView.swift; sourceTree = "<group>"; };
		A100004D242F10000000001 /* ListTemplateView.swift */ = {isa = PBXFileReference; lastKnownFileType = sourcecode.swift; path = ListTemplateView.swift; sourceTree = "<group>"; };
		A100004F242F10000000001 /* TextTemplateView.swift */ = {isa = PBXFileReference; lastKnownFileType = sourcecode.swift; path = TextTemplateView.swift; sourceTree = "<group>"; };
		A1000051242F10000000001 /* WidgetConfig.swift */ = {isa = PBXFileReference; lastKnownFileType = sourcecode.swift; path = WidgetConfig.swift; sourceTree = "<group>"; };
		A1000053242F10000000001 /* WidgetConfigStore.swift */ = {isa = PBXFileReference; lastKnownFileType = sourcecode.swift; path = WidgetConfigStore.swift; sourceTree = "<group>"; };
		A1000055242F10000000001 /* WidgetResponse.swift */ = {isa = PBXFileReference; lastKnownFileType = sourcecode.swift; path = WidgetResponse.swift; sourceTree = "<group>"; };
		A1000057242F10000000001 /* WidgetFetcher.swift */ = {isa = PBXFileReference; lastKnownFileType = sourcecode.swift; path = WidgetFetcher.swift; sourceTree = "<group>"; };
/* End PBXFileReference section */

/* Begin PBXFrameworksBuildPhase section */
		A1000021242F10000000001 /* Frameworks */ = {
			isa = PBXFrameworksBuildPhase;
			buildActionMask = 2147483647;
			files = (
			);
			runOnlyForDeploymentPostprocessing = 0;
		};
		A1000022242F10000000001 /* Frameworks */ = {
			isa = PBXFrameworksBuildPhase;
			buildActionMask = 2147483647;
			files = (
				A100000D242F10000000001 /* SwiftUI.framework in Frameworks */,
				A100000B242F10000000001 /* WidgetKit.framework in Frameworks */,
			);
			runOnlyForDeploymentPostprocessing = 0;
		};
/* End PBXFrameworksBuildPhase section */

/* Begin PBXGroup section */
		A1000023242F10000000001 = {
			isa = PBXGroup;
			children = (
				A1000024242F10000000001 /* MoltbotWidgets */,
				A1000025242F10000000001 /* MoltbotWidgetsExtension */,
				A1000026242F10000000001 /* Shared */,
				A1000027242F10000000001 /* Frameworks */,
				A1000028242F10000000001 /* Products */,
			);
			sourceTree = "<group>";
		};
		A1000024242F10000000001 /* MoltbotWidgets */ = {
			isa = PBXGroup;
			children = (
				A1000002242F10000000001 /* MoltbotWidgetsApp.swift */,
				A1000004242F10000000001 /* ContentView.swift */,
				A1000006242F10000000001 /* SettingsView.swift */,
				A100000A242F10000000001 /* Assets.xcassets */,
				A100001D242F10000000001 /* MoltbotWidgets.entitlements */,
				A100001F242F10000000001 /* Info.plist */,
			);
			path = MoltbotWidgets;
			sourceTree = "<group>";
		};
		A1000025242F10000000001 /* MoltbotWidgetsExtension */ = {
			isa = PBXGroup;
			children = (
				A1000010242F10000000001 /* CronJobsWidget.swift */,
				A100003C242F10000000001 /* HealthWidget.swift */,
				A100003E242F10000000001 /* UsageWidget.swift */,
				A1000041242F10000000001 /* CustomWidget.swift */,
				A1000043242F10000000001 /* CustomWidgetIntent.swift */,
				A1000058242F10000000001 /* Templates */,
				A1000012242F10000000001 /* MoltbotWidgetsExtensionBundle.swift */,
				A1000015242F10000000001 /* Assets.xcassets */,
				A100001E242F10000000001 /* MoltbotWidgetsExtension.entitlements */,
				A1000020242F10000000001 /* Info.plist */,
			);
			path = MoltbotWidgetsExtension;
			sourceTree = "<group>";
		};
		A1000058242F10000000001 /* Templates */ = {
			isa = PBXGroup;
			children = (
				A1000045242F10000000001 /* TemplateRenderer.swift */,
				A1000047242F10000000001 /* StatusTemplateView.swift */,
				A1000049242F10000000001 /* NumberTemplateView.swift */,
				A100004B242F10000000001 /* GaugeTemplateView.swift */,
				A100004D242F10000000001 /* ListTemplateView.swift */,
				A100004F242F10000000001 /* TextTemplateView.swift */,
			);
			path = Templates;
			sourceTree = "<group>";
		};
		A1000026242F10000000001 /* Shared */ = {
			isa = PBXGroup;
			children = (
				A1000008242F10000000001 /* MoltbotAPI.swift */,
				A1000039242F10000000001 /* SharedSettings.swift */,
				A1000051242F10000000001 /* WidgetConfig.swift */,
				A1000053242F10000000001 /* WidgetConfigStore.swift */,
				A1000055242F10000000001 /* WidgetResponse.swift */,
				A1000057242F10000000001 /* WidgetFetcher.swift */,
			);
			path = Shared;
			sourceTree = "<group>";
		};
		A1000027242F10000000001 /* Frameworks */ = {
			isa = PBXGroup;
			children = (
				A100000E242F10000000001 /* SwiftUI.framework */,
				A100000C242F10000000001 /* WidgetKit.framework */,
			);
			name = Frameworks;
			sourceTree = "<group>";
		};
		A1000028242F10000000001 /* Products */ = {
			isa = PBXGroup;
			children = (
				A100001C242F10000000001 /* MoltbotWidgets.app */,
				A1000017242F10000000001 /* MoltbotWidgetsExtension.appex */,
			);
			name = Products;
			sourceTree = "<group>";
		};
/* End PBXGroup section */

/* Begin PBXNativeTarget section */
		A100001A242F10000000001 /* MoltbotWidgetsExtension */ = {
			isa = PBXNativeTarget;
			buildConfigurationList = A100002E242F10000000001 /* Build configuration list for PBXNativeTarget "MoltbotWidgetsExtension" */;
			buildPhases = (
				A100002F242F10000000001 /* Sources */,
				A1000022242F10000000001 /* Frameworks */,
				A1000030242F10000000001 /* Resources */,
			);
			buildRules = (
			);
			dependencies = (
			);
			name = MoltbotWidgetsExtension;
			productName = MoltbotWidgetsExtension;
			productReference = A1000017242F10000000001 /* MoltbotWidgetsExtension.appex */;
			productType = "com.apple.product-type.app-extension";
		};
		A1000029242F10000000001 /* MoltbotWidgets */ = {
			isa = PBXNativeTarget;
			buildConfigurationList = A100002A242F10000000001 /* Build configuration list for PBXNativeTarget "MoltbotWidgets" */;
			buildPhases = (
				A100002B242F10000000001 /* Sources */,
				A1000021242F10000000001 /* Frameworks */,
				A100002C242F10000000001 /* Resources */,
				A100001B242F10000000001 /* Embed Foundation Extensions */,
			);
			buildRules = (
			);
			dependencies = (
				A100002D242F10000000001 /* PBXTargetDependency */,
			);
			name = MoltbotWidgets;
			productName = MoltbotWidgets;
			productReference = A100001C242F10000000001 /* MoltbotWidgets.app */;
			productType = "com.apple.product-type.application";
		};
/* End PBXNativeTarget section */

/* Begin PBXProject section */
		A1000019242F10000000001 /* Project object */ = {
			isa = PBXProject;
			attributes = {
				BuildIndependentTargetsInParallel = 1;
				LastSwiftUpdateCheck = 1500;
				LastUpgradeCheck = 1500;
				TargetAttributes = {
					A100001A242F10000000001 = {
						CreatedOnToolsVersion = 15.0;
					};
					A1000029242F10000000001 = {
						CreatedOnToolsVersion = 15.0;
					};
				};
			};
			buildConfigurationList = A1000031242F10000000001 /* Build configuration list for PBXProject "MoltbotWidgets" */;
			compatibilityVersion = "Xcode 14.0";
			developmentRegion = en;
			hasScannedForEncodings = 0;
			knownRegions = (
				en,
				Base,
			);
			mainGroup = A1000023242F10000000001;
			productRefGroup = A1000028242F10000000001 /* Products */;
			projectDirPath = "";
			projectRoot = "";
			targets = (
				A1000029242F10000000001 /* MoltbotWidgets */,
				A100001A242F10000000001 /* MoltbotWidgetsExtension */,
			);
		};
/* End PBXProject section */

/* Begin PBXResourcesBuildPhase section */
		A100002C242F10000000001 /* Resources */ = {
			isa = PBXResourcesBuildPhase;
			buildActionMask = 2147483647;
			files = (
				A1000009242F10000000001 /* Assets.xcassets in Resources */,
			);
			runOnlyForDeploymentPostprocessing = 0;
		};
		A1000030242F10000000001 /* Resources */ = {
			isa = PBXResourcesBuildPhase;
			buildActionMask = 2147483647;
			files = (
				A1000014242F10000000001 /* Assets.xcassets in Resources */,
			);
			runOnlyForDeploymentPostprocessing = 0;
		};
/* End PBXResourcesBuildPhase section */

/* Begin PBXSourcesBuildPhase section */
		A100002B242F10000000001 /* Sources */ = {
			isa = PBXSourcesBuildPhase;
			buildActionMask = 2147483647;
			files = (
				A1000001242F10000000001 /* MoltbotWidgetsApp.swift in Sources */,
				A1000003242F10000000001 /* ContentView.swift in Sources */,
				A1000005242F10000000001 /* SettingsView.swift in Sources */,
				A1000007242F10000000001 /* MoltbotAPI.swift in Sources */,
				A1000038242F10000000001 /* SharedSettings.swift in Sources */,
			);
			runOnlyForDeploymentPostprocessing = 0;
		};
		A100002F242F10000000001 /* Sources */ = {
			isa = PBXSourcesBuildPhase;
			buildActionMask = 2147483647;
			files = (
				A100000F242F10000000001 /* CronJobsWidget.swift in Sources */,
				A100003B242F10000000001 /* HealthWidget.swift in Sources */,
				A100003D242F10000000001 /* UsageWidget.swift in Sources */,
				A1000040242F10000000001 /* CustomWidget.swift in Sources */,
				A1000042242F10000000001 /* CustomWidgetIntent.swift in Sources */,
				A1000044242F10000000001 /* TemplateRenderer.swift in Sources */,
				A1000046242F10000000001 /* StatusTemplateView.swift in Sources */,
				A1000048242F10000000001 /* NumberTemplateView.swift in Sources */,
				A100004A242F10000000001 /* GaugeTemplateView.swift in Sources */,
				A100004C242F10000000001 /* ListTemplateView.swift in Sources */,
				A100004E242F10000000001 /* TextTemplateView.swift in Sources */,
				A1000050242F10000000001 /* WidgetConfig.swift in Sources */,
				A1000052242F10000000001 /* WidgetConfigStore.swift in Sources */,
				A1000054242F10000000001 /* WidgetResponse.swift in Sources */,
				A1000056242F10000000001 /* WidgetFetcher.swift in Sources */,
				A1000011242F10000000001 /* MoltbotWidgetsExtensionBundle.swift in Sources */,
				A1000013242F10000000001 /* MoltbotAPI.swift in Sources */,
				A100003A242F10000000001 /* SharedSettings.swift in Sources */,
			);
			runOnlyForDeploymentPostprocessing = 0;
		};
/* End PBXSourcesBuildPhase section */

/* Begin PBXTargetDependency section */
		A100002D242F10000000001 /* PBXTargetDependency */ = {
			isa = PBXTargetDependency;
			target = A100001A242F10000000001 /* MoltbotWidgetsExtension */;
			targetProxy = A1000018242F10000000001 /* PBXContainerItemProxy */;
		};
/* End PBXTargetDependency section */

/* Begin XCBuildConfiguration section */
		A1000032242F10000000001 /* Debug */ = {
			isa = XCBuildConfiguration;
			buildSettings = {
				ALWAYS_SEARCH_USER_PATHS = NO;
				ASSETCATALOG_COMPILER_GENERATE_SWIFT_ASSET_SYMBOL_EXTENSIONS = YES;
				CLANG_ANALYZER_NONNULL = YES;
				CLANG_ANALYZER_NUMBER_OBJECT_CONVERSION = YES_AGGRESSIVE;
				CLANG_CXX_LANGUAGE_STANDARD = "gnu++20";
				CLANG_ENABLE_MODULES = YES;
				CLANG_ENABLE_OBJC_ARC = YES;
				CLANG_ENABLE_OBJC_WEAK = YES;
				CLANG_WARN_BLOCK_CAPTURE_AUTORELEASING = YES;
				CLANG_WARN_BOOL_CONVERSION = YES;
				CLANG_WARN_COMMA = YES;
				CLANG_WARN_CONSTANT_CONVERSION = YES;
				CLANG_WARN_DEPRECATED_OBJC_IMPLEMENTATIONS = YES;
				CLANG_WARN_DIRECT_OBJC_ISA_USAGE = YES_ERROR;
				CLANG_WARN_DOCUMENTATION_COMMENTS = YES;
				CLANG_WARN_EMPTY_BODY = YES;
				CLANG_WARN_ENUM_CONVERSION = YES;
				CLANG_WARN_INFINITE_RECURSION = YES;
				CLANG_WARN_INT_CONVERSION = YES;
				CLANG_WARN_NON_LITERAL_NULL_CONVERSION = YES;
				CLANG_WARN_OBJC_IMPLICIT_RETAIN_SELF = YES;
				CLANG_WARN_OBJC_LITERAL_CONVERSION = YES;
				CLANG_WARN_OBJC_ROOT_CLASS = YES_ERROR;
				CLANG_WARN_QUOTED_INCLUDE_IN_FRAMEWORK_HEADER = YES;
				CLANG_WARN_RANGE_LOOP_ANALYSIS = YES;
				CLANG_WARN_STRICT_PROTOTYPES = YES;
				CLANG_WARN_SUSPICIOUS_MOVE = YES;
				CLANG_WARN_UNGUARDED_AVAILABILITY = YES_AGGRESSIVE;
				CLANG_WARN_UNREACHABLE_CODE = YES;
				CLANG_WARN__DUPLICATE_METHOD_MATCH = YES;
				COPY_PHASE_STRIP = NO;
				DEBUG_INFORMATION_FORMAT = dwarf;
				ENABLE_STRICT_OBJC_MSGSEND = YES;
				ENABLE_TESTABILITY = YES;
				ENABLE_USER_SCRIPT_SANDBOXING = YES;
				GCC_C_LANGUAGE_STANDARD = gnu17;
				GCC_DYNAMIC_NO_PIC = NO;
				GCC_NO_COMMON_BLOCKS = YES;
				GCC_OPTIMIZATION_LEVEL = 0;
				GCC_PREPROCESSOR_DEFINITIONS = (
					"DEBUG=1",
					"$(inherited)",
				);
				GCC_WARN_64_TO_32_BIT_CONVERSION = YES;
				GCC_WARN_ABOUT_RETURN_TYPE = YES_ERROR;
				GCC_WARN_UNDECLARED_SELECTOR = YES;
				GCC_WARN_UNINITIALIZED_AUTOS = YES_AGGRESSIVE;
				GCC_WARN_UNUSED_FUNCTION = YES;
				GCC_WARN_UNUSED_VARIABLE = YES;
				LOCALIZATION_PREFERS_STRING_CATALOGS = YES;
				MACOSX_DEPLOYMENT_TARGET = 14.0;
				MTL_ENABLE_DEBUG_INFO = INCLUDE_SOURCE;
				MTL_FAST_MATH = YES;
				ONLY_ACTIVE_ARCH = YES;
				SDKROOT = macosx;
				SWIFT_ACTIVE_COMPILATION_CONDITIONS = "DEBUG $(inherited)";
				SWIFT_OPTIMIZATION_LEVEL = "-Onone";
			};
			name = Debug;
		};
		A1000033242F10000000001 /* Release */ = {
			isa = XCBuildConfiguration;
			buildSettings = {
				ALWAYS_SEARCH_USER_PATHS = NO;
				ASSETCATALOG_COMPILER_GENERATE_SWIFT_ASSET_SYMBOL_EXTENSIONS = YES;
				CLANG_ANALYZER_NONNULL = YES;
				CLANG_ANALYZER_NUMBER_OBJECT_CONVERSION = YES_AGGRESSIVE;
				CLANG_CXX_LANGUAGE_STANDARD = "gnu++20";
				CLANG_ENABLE_MODULES = YES;
				CLANG_ENABLE_OBJC_ARC = YES;
				CLANG_ENABLE_OBJC_WEAK = YES;
				CLANG_WARN_BLOCK_CAPTURE_AUTORELEASING = YES;
				CLANG_WARN_BOOL_CONVERSION = YES;
				CLANG_WARN_COMMA = YES;
				CLANG_WARN_CONSTANT_CONVERSION = YES;
				CLANG_WARN_DEPRECATED_OBJC_IMPLEMENTATIONS = YES;
				CLANG_WARN_DIRECT_OBJC_ISA_USAGE = YES_ERROR;
				CLANG_WARN_DOCUMENTATION_COMMENTS = YES;
				CLANG_WARN_EMPTY_BODY = YES;
				CLANG_WARN_ENUM_CONVERSION = YES;
				CLANG_WARN_INFINITE_RECURSION = YES;
				CLANG_WARN_INT_CONVERSION = YES;
				CLANG_WARN_NON_LITERAL_NULL_CONVERSION = YES;
				CLANG_WARN_OBJC_IMPLICIT_RETAIN_SELF = YES;
				CLANG_WARN_OBJC_LITERAL_CONVERSION = YES;
				CLANG_WARN_OBJC_ROOT_CLASS = YES_ERROR;
				CLANG_WARN_QUOTED_INCLUDE_IN_FRAMEWORK_HEADER = YES;
				CLANG_WARN_RANGE_LOOP_ANALYSIS = YES;
				CLANG_WARN_STRICT_PROTOTYPES = YES;
				CLANG_WARN_SUSPICIOUS_MOVE = YES;
				CLANG_WARN_UNGUARDED_AVAILABILITY = YES_AGGRESSIVE;
				CLANG_WARN_UNREACHABLE_CODE = YES;
				CLANG_WARN__DUPLICATE_METHOD_MATCH = YES;
				COPY_PHASE_STRIP = NO;
				DEBUG_INFORMATION_FORMAT = "dwarf-with-dsym";
				ENABLE_NS_ASSERTIONS = NO;
				ENABLE_STRICT_OBJC_MSGSEND = YES;
				ENABLE_USER_SCRIPT_SANDBOXING = YES;
				GCC_C_LANGUAGE_STANDARD = gnu17;
				GCC_NO_COMMON_BLOCKS = YES;
				GCC_WARN_64_TO_32_BIT_CONVERSION = YES;
				GCC_WARN_ABOUT_RETURN_TYPE = YES_ERROR;
				GCC_WARN_UNDECLARED_SELECTOR = YES;
				GCC_WARN_UNINITIALIZED_AUTOS = YES_AGGRESSIVE;
				GCC_WARN_UNUSED_FUNCTION = YES;
				GCC_WARN_UNUSED_VARIABLE = YES;
				LOCALIZATION_PREFERS_STRING_CATALOGS = YES;
				MACOSX_DEPLOYMENT_TARGET = 14.0;
				MTL_ENABLE_DEBUG_INFO = NO;
				MTL_FAST_MATH = YES;
				SDKROOT = macosx;
				SWIFT_COMPILATION_MODE = wholemodule;
			};
			name = Release;
		};
		A1000034242F10000000001 /* Debug */ = {
			isa = XCBuildConfiguration;
			buildSettings = {
				ALWAYS_EMBED_SWIFT_STANDARD_LIBRARIES = YES;
				ASSETCATALOG_COMPILER_APPICON_NAME = AppIcon;
				ASSETCATALOG_COMPILER_GLOBAL_ACCENT_COLOR_NAME = AccentColor;
				CODE_SIGN_ENTITLEMENTS = MoltbotWidgets/MoltbotWidgets.entitlements;
				"CODE_SIGN_IDENTITY[sdk=macosx*]" = "Apple Development";
				CODE_SIGN_STYLE = Automatic;
				COMBINE_HIDPI_IMAGES = YES;
				CURRENT_PROJECT_VERSION = 1;
				DEVELOPMENT_TEAM = C4M7D4G7LG;
				ENABLE_HARDENED_RUNTIME = YES;
				GENERATE_INFOPLIST_FILE = YES;
				INFOPLIST_FILE = MoltbotWidgets/Info.plist;
				INFOPLIST_KEY_CFBundleDisplayName = "Moltbot Widgets";
				INFOPLIST_KEY_LSApplicationCategoryType = "public.app-category.utilities";
				INFOPLIST_KEY_NSHumanReadableCopyright = "";
				INFOPLIST_KEY_NSMainStoryboardFile = Main;
				INFOPLIST_KEY_NSPrincipalClass = NSApplication;
				LD_RUNPATH_SEARCH_PATHS = (
					"$(inherited)",
					"@executable_path/../Frameworks",
				);
				MARKETING_VERSION = 0.2.1;
				PRODUCT_BUNDLE_IDENTIFIER = com.moltbot.widgets;
				PRODUCT_NAME = "$(TARGET_NAME)";
				REGISTER_APP_GROUPS = YES;
				SWIFT_EMIT_LOC_STRINGS = YES;
				SWIFT_VERSION = 5.0;
			};
			name = Debug;
		};
		A1000035242F10000000001 /* Release */ = {
			isa = XCBuildConfiguration;
			buildSettings = {
				ALWAYS_EMBED_SWIFT_STANDARD_LIBRARIES = YES;
				ASSETCATALOG_COMPILER_APPICON_NAME = AppIcon;
				ASSETCATALOG_COMPILER_GLOBAL_ACCENT_COLOR_NAME = AccentColor;
				CODE_SIGN_ENTITLEMENTS = MoltbotWidgets/MoltbotWidgets.entitlements;
				CODE_SIGN_STYLE = Automatic;
				COMBINE_HIDPI_IMAGES = YES;
				CURRENT_PROJECT_VERSION = 1;
				DEVELOPMENT_TEAM = C4M7D4G7LG;
				ENABLE_HARDENED_RUNTIME = YES;
				GENERATE_INFOPLIST_FILE = YES;
				INFOPLIST_FILE = MoltbotWidgets/Info.plist;
				INFOPLIST_KEY_CFBundleDisplayName = "Moltbot Widgets";
				INFOPLIST_KEY_LSApplicationCategoryType = "public.app-category.utilities";
				INFOPLIST_KEY_NSHumanReadableCopyright = "";
				INFOPLIST_KEY_NSMainStoryboardFile = Main;
				INFOPLIST_KEY_NSPrincipalClass = NSApplication;
				LD_RUNPATH_SEARCH_PATHS = (
					"$(inherited)",
					"@executable_path/../Frameworks",
				);
				MARKETING_VERSION = 0.2.1;
				PRODUCT_BUNDLE_IDENTIFIER = com.moltbot.widgets;
				PRODUCT_NAME = "$(TARGET_NAME)";
				PROVISIONING_PROFILE_SPECIFIER = "Moltbot Widgets Profile";
				REGISTER_APP_GROUPS = YES;
				SWIFT_EMIT_LOC_STRINGS = YES;
				SWIFT_VERSION = 5.0;
			};
			name = Release;
		};
		A1000036242F10000000001 /* Debug */ = {
			isa = XCBuildConfiguration;
			buildSettings = {
				ASSETCATALOG_COMPILER_GLOBAL_ACCENT_COLOR_NAME = AccentColor;
				ASSETCATALOG_COMPILER_WIDGET_BACKGROUND_COLOR_NAME = WidgetBackground;
				CODE_SIGN_ENTITLEMENTS = MoltbotWidgetsExtension/MoltbotWidgetsExtension.entitlements;
				CODE_SIGN_STYLE = Automatic;
				CURRENT_PROJECT_VERSION = 1;
				DEVELOPMENT_TEAM = C4M7D4G7LG;
				ENABLE_HARDENED_RUNTIME = YES;
				GENERATE_INFOPLIST_FILE = YES;
				INFOPLIST_FILE = MoltbotWidgetsExtension/Info.plist;
				INFOPLIST_KEY_CFBundleDisplayName = "Moltbot Widgets";
				INFOPLIST_KEY_NSHumanReadableCopyright = "";
				LD_RUNPATH_SEARCH_PATHS = (
					"$(inherited)",
					"@executable_path/../Frameworks",
					"@executable_path/../../../../Frameworks",
				);
				MARKETING_VERSION = 0.2.1;
				PRODUCT_BUNDLE_IDENTIFIER = com.moltbot.widgets.extension;
				PRODUCT_NAME = "$(TARGET_NAME)";
				REGISTER_APP_GROUPS = YES;
				SKIP_INSTALL = YES;
				SWIFT_EMIT_LOC_STRINGS = YES;
				SWIFT_VERSION = 5.0;
			};
			name = Debug;
		};
		A1000037242F10000000001 /* Release */ = {
			isa = XCBuildConfiguration;
			buildSettings = {
				ASSETCATALOG_COMPILER_GLOBAL_ACCENT_COLOR_NAME = AccentColor;
				ASSETCATALOG_COMPILER_WIDGET_BACKGROUND_COLOR_NAME = WidgetBackground;
				CODE_SIGN_ENTITLEMENTS = MoltbotWidgetsExtension/MoltbotWidgetsExtension.entitlements;
				CODE_SIGN_STYLE = Automatic;
				CURRENT_PROJECT_VERSION = 1;
				DEVELOPMENT_TEAM = C4M7D4G7LG;
				ENABLE_HARDENED_RUNTIME = YES;
				GENERATE_INFOPLIST_FILE = YES;
				INFOPLIST_FILE = MoltbotWidgetsExtension/Info.plist;
				INFOPLIST_KEY_CFBundleDisplayName = "Moltbot Widgets";
				INFOPLIST_KEY_NSHumanReadableCopyright = "";
				LD_RUNPATH_SEARCH_PATHS = (
					"$(inherited)",
					"@executable_path/../Frameworks",
					"@executable_path/../../../../Frameworks",
				);
				MARKETING_VERSION = 0.2.1;
				PRODUCT_BUNDLE_IDENTIFIER = com.moltbot.widgets.extension;
				PRODUCT_NAME = "$(TARGET_NAME)";
				PROVISIONING_PROFILE_SPECIFIER = "Moltbot Widgets Extension Profile";
				REGISTER_APP_GROUPS = YES;
				SKIP_INSTALL = YES;
				SWIFT_EMIT_LOC_STRINGS = YES;
				SWIFT_VERSION = 5.0;
			};
			name = Release;
		};
/* End XCBuildConfiguration section */

/* Begin XCConfigurationList section */
		A100002A242F10000000001 /* Build configuration list for PBXNativeTarget "MoltbotWidgets" */ = {
			isa = XCConfigurationList;
			buildConfigurations = (
				A1000034242F10000000001 /* Debug */,
				A1000035242F10000000001 /* Release */,
			);
			defaultConfigurationIsVisible = 0;
			defaultConfigurationName = Release;
		};
		A100002E242F10000000001 /* Build configuration list for PBXNativeTarget "MoltbotWidgetsExtension" */ = {
			isa = XCConfigurationList;
			buildConfigurations = (
				A1000036242F10000000001 /* Debug */,
				A1000037242F10000000001 /* Release */,
			);
			defaultConfigurationIsVisible = 0;
			defaultConfigurationName = Release;
		};
		A1000031242F10000000001 /* Build configuration list for PBXProject "MoltbotWidgets" */ = {
			isa = XCConfigurationList;
			buildConfigurations = (
				A1000032242F10000000001 /* Debug */,
				A1000033242F10000000001 /* Release */,
			);
			defaultConfigurationIsVisible = 0;
			defaultConfigurationName = Release;
		};
/* End XCConfigurationList section */
	};
	rootObject = A1000019242F10000000001 /* Project object */;
}
